
Microsoft Visual Studio Solution File, Format Version 12.00
# Visual Studio Version 17
VisualStudioVersion = 17.0.31903.59
MinimumVisualStudioVersion = 10.0.40219.1
Project("{2150E333-8FDC-42A3-9474-1A3956D46DE8}") = "src", "src", "{827E0CD3-B72D-47B6-A68D-7590B98EB39B}"
EndProject
Project("{2150E333-8FDC-42A3-9474-1A3956D46DE8}") = "ProductService", "ProductService", "{F34E43FA-627A-8966-7BCB-0DBE3D5440B1}"
EndProject
Project("{FAE04EC0-301F-11D3-BF4B-00C04F79EFBC}") = "ProductService.Api", "src\ProductService\ProductService.Api\ProductService.Api.csproj", "{77ADA6A2-FE6A-4B8F-89B0-C0B58832A81F}"
EndProject
Project("{FAE04EC0-301F-11D3-BF4B-00C04F79EFBC}") = "ProductService.Application", "src\ProductService\ProductService.Application\ProductService.Application.csproj", "{FCCA6ABA-D5ED-427F-B10F-5B21998BB914}"
EndProject
Project("{FAE04EC0-301F-11D3-BF4B-00C04F79EFBC}") = "ProductService.Domain", "src\ProductService\ProductService.Domain\ProductService.Domain.csproj", "{047C1EB0-93E7-4B17-9BB5-61994A2BA939}"
EndProject
Project("{FAE04EC0-301F-11D3-BF4B-00C04F79EFBC}") = "ProductService.Infrastructure", "src\ProductService\ProductService.Infrastructure\ProductService.Infrastructure.csproj", "{662C6FFB-0F36-4D08-A8CA-89EC185C959B}"
EndProject
Project("{2150E333-8FDC-42A3-9474-1A3956D46DE8}") = "OrderService", "OrderService", "{D5064FC8-1F49-54B6-E1C8-B23A6140528A}"
EndProject
Project("{FAE04EC0-301F-11D3-BF4B-00C04F79EFBC}") = "OrderService.Api", "src\OrderService\OrderService.Api\OrderService.Api.csproj", "{DE278BB3-FE21-4380-AA29-17D4DD1E5093}"
EndProject
Project("{FAE04EC0-301F-11D3-BF4B-00C04F79EFBC}") = "OrderService.Domain", "src\OrderService\OrderService.Domain\OrderService.Domain.csproj", "{2FBA013A-69B9-47D5-81CF-3EFF32B1C51D}"
EndProject
Project("{FAE04EC0-301F-11D3-BF4B-00C04F79EFBC}") = "OrderService.Infrastructure", "src\OrderService\OrderService.Infrastructure\OrderService.Infrastructure.csproj", "{034852C6-CD0C-48DF-8F31-A7569C49F572}"
EndProject
Project("{2150E333-8FDC-42A3-9474-1A3956D46DE8}") = "tests", "tests", "{0AB3BF05-4346-4AA6-1389-037BE0695223}"
EndProject
Project("{FAE04EC0-301F-11D3-BF4B-00C04F79EFBC}") = "ProductService.Tests", "tests\ProductService.Tests\ProductService.Tests.csproj", "{C0432F7D-09A8-4156-9455-00CDAAAFAE70}"
EndProject
Project("{FAE04EC0-301F-11D3-BF4B-00C04F79EFBC}") = "OrderService.Tests", "tests\OrderService.Tests\OrderService.Tests.csproj", "{22C9CCEA-1C69-4987-81DA-FF045BE79129}"
EndProject
Project("{FAE04EC0-301F-11D3-BF4B-00C04F79EFBC}") = "OrderService.Application", "src\OrderService\OrderService.Application\OrderService.Application.csproj", "{63258CD5-49FA-4F64-9712-267DCCA90DED}"
EndProject
Project("{2150E333-8FDC-42A3-9474-1A3956D46DE8}") = "Common", "Common", "{02EA681E-C7D8-13C7-8484-4AC65E1B71E8}"
EndProject
Project("{FAE04EC0-301F-11D3-BF4B-00C04F79EFBC}") = "Common", "Common\Common.csproj", "{280B0297-CF76-48E2-8B7D-886A48BCFD66}"
EndProject
Global
	GlobalSection(SolutionConfigurationPlatforms) = preSolution
		Debug|Any CPU = Debug|Any CPU
		Debug|x64 = Debug|x64
		Debug|x86 = Debug|x86
		Release|Any CPU = Release|Any CPU
		Release|x64 = Release|x64
		Release|x86 = Release|x86
	EndGlobalSection
	GlobalSection(ProjectConfigurationPlatforms) = postSolution
		{77ADA6A2-FE6A-4B8F-89B0-C0B58832A81F}.Debug|Any CPU.ActiveCfg = Debug|Any CPU
		{77ADA6A2-FE6A-4B8F-89B0-C0B58832A81F}.Debug|Any CPU.Build.0 = Debug|Any CPU
		{77ADA6A2-FE6A-4B8F-89B0-C0B58832A81F}.Debug|x64.ActiveCfg = Debug|Any CPU
		{77ADA6A2-FE6A-4B8F-89B0-C0B58832A81F}.Debug|x64.Build.0 = Debug|Any CPU
		{77ADA6A2-FE6A-4B8F-89B0-C0B58832A81F}.Debug|x86.ActiveCfg = Debug|Any CPU
		{77ADA6A2-FE6A-4B8F-89B0-C0B58832A81F}.Debug|x86.Build.0 = Debug|Any CPU
		{77ADA6A2-FE6A-4B8F-89B0-C0B58832A81F}.Release|Any CPU.ActiveCfg = Release|Any CPU
		{77ADA6A2-FE6A-4B8F-89B0-C0B58832A81F}.Release|Any CPU.Build.0 = Release|Any CPU
		{77ADA6A2-FE6A-4B8F-89B0-C0B58832A81F}.Release|x64.ActiveCfg = Release|Any CPU
		{77ADA6A2-FE6A-4B8F-89B0-C0B58832A81F}.Release|x64.Build.0 = Release|Any CPU
		{77ADA6A2-FE6A-4B8F-89B0-C0B58832A81F}.Release|x86.ActiveCfg = Release|Any CPU
		{77ADA6A2-FE6A-4B8F-89B0-C0B58832A81F}.Release|x86.Build.0 = Release|Any CPU
		{FCCA6ABA-D5ED-427F-B10F-5B21998BB914}.Debug|Any CPU.ActiveCfg = Debug|Any CPU
		{FCCA6ABA-D5ED-427F-B10F-5B21998BB914}.Debug|Any CPU.Build.0 = Debug|Any CPU
		{FCCA6ABA-D5ED-427F-B10F-5B21998BB914}.Debug|x64.ActiveCfg = Debug|Any CPU
		{FCCA6ABA-D5ED-427F-B10F-5B21998BB914}.Debug|x64.Build.0 = Debug|Any CPU
		{FCCA6ABA-D5ED-427F-B10F-5B21998BB914}.Debug|x86.ActiveCfg = Debug|Any CPU
		{FCCA6ABA-D5ED-427F-B10F-5B21998BB914}.Debug|x86.Build.0 = Debug|Any CPU
		{FCCA6ABA-D5ED-427F-B10F-5B21998BB914}.Release|Any CPU.ActiveCfg = Release|Any CPU
		{FCCA6ABA-D5ED-427F-B10F-5B21998BB914}.Release|Any CPU.Build.0 = Release|Any CPU
		{FCCA6ABA-D5ED-427F-B10F-5B21998BB914}.Release|x64.ActiveCfg = Release|Any CPU
		{FCCA6ABA-D5ED-427F-B10F-5B21998BB914}.Release|x64.Build.0 = Release|Any CPU
		{FCCA6ABA-D5ED-427F-B10F-5B21998BB914}.Release|x86.ActiveCfg = Release|Any CPU
		{FCCA6ABA-D5ED-427F-B10F-5B21998BB914}.Release|x86.Build.0 = Release|Any CPU
		{047C1EB0-93E7-4B17-9BB5-61994A2BA939}.Debug|Any CPU.ActiveCfg = Debug|Any CPU
		{047C1EB0-93E7-4B17-9BB5-61994A2BA939}.Debug|Any CPU.Build.0 = Debug|Any CPU
		{047C1EB0-93E7-4B17-9BB5-61994A2BA939}.Debug|x64.ActiveCfg = Debug|Any CPU
		{047C1EB0-93E7-4B17-9BB5-61994A2BA939}.Debug|x64.Build.0 = Debug|Any CPU
		{047C1EB0-93E7-4B17-9BB5-61994A2BA939}.Debug|x86.ActiveCfg = Debug|Any CPU
		{047C1EB0-93E7-4B17-9BB5-61994A2BA939}.Debug|x86.Build.0 = Debug|Any CPU
		{047C1EB0-93E7-4B17-9BB5-61994A2BA939}.Release|Any CPU.ActiveCfg = Release|Any CPU
		{047C1EB0-93E7-4B17-9BB5-61994A2BA939}.Release|Any CPU.Build.0 = Release|Any CPU
		{047C1EB0-93E7-4B17-9BB5-61994A2BA939}.Release|x64.ActiveCfg = Release|Any CPU
		{047C1EB0-93E7-4B17-9BB5-61994A2BA939}.Release|x64.Build.0 = Release|Any CPU
		{047C1EB0-93E7-4B17-9BB5-61994A2BA939}.Release|x86.ActiveCfg = Release|Any CPU
		{047C1EB0-93E7-4B17-9BB5-61994A2BA939}.Release|x86.Build.0 = Release|Any CPU
		{662C6FFB-0F36-4D08-A8CA-89EC185C959B}.Debug|Any CPU.ActiveCfg = Debug|Any CPU
		{662C6FFB-0F36-4D08-A8CA-89EC185C959B}.Debug|Any CPU.Build.0 = Debug|Any CPU
		{662C6FFB-0F36-4D08-A8CA-89EC185C959B}.Debug|x64.ActiveCfg = Debug|Any CPU
		{662C6FFB-0F36-4D08-A8CA-89EC185C959B}.Debug|x64.Build.0 = Debug|Any CPU
		{662C6FFB-0F36-4D08-A8CA-89EC185C959B}.Debug|x86.ActiveCfg = Debug|Any CPU
		{662C6FFB-0F36-4D08-A8CA-89EC185C959B}.Debug|x86.Build.0 = Debug|Any CPU
		{662C6FFB-0F36-4D08-A8CA-89EC185C959B}.Release|Any CPU.ActiveCfg = Release|Any CPU
		{662C6FFB-0F36-4D08-A8CA-89EC185C959B}.Release|Any CPU.Build.0 = Release|Any CPU
		{662C6FFB-0F36-4D08-A8CA-89EC185C959B}.Release|x64.ActiveCfg = Release|Any CPU
		{662C6FFB-0F36-4D08-A8CA-89EC185C959B}.Release|x64.Build.0 = Release|Any CPU
		{662C6FFB-0F36-4D08-A8CA-89EC185C959B}.Release|x86.ActiveCfg = Release|Any CPU
		{662C6FFB-0F36-4D08-A8CA-89EC185C959B}.Release|x86.Build.0 = Release|Any CPU
		{DE278BB3-FE21-4380-AA29-17D4DD1E5093}.Debug|Any CPU.ActiveCfg = Debug|Any CPU
		{DE278BB3-FE21-4380-AA29-17D4DD1E5093}.Debug|Any CPU.Build.0 = Debug|Any CPU
		{DE278BB3-FE21-4380-AA29-17D4DD1E5093}.Debug|x64.ActiveCfg = Debug|Any CPU
		{DE278BB3-FE21-4380-AA29-17D4DD1E5093}.Debug|x64.Build.0 = Debug|Any CPU
		{DE278BB3-FE21-4380-AA29-17D4DD1E5093}.Debug|x86.ActiveCfg = Debug|Any CPU
		{DE278BB3-FE21-4380-AA29-17D4DD1E5093}.Debug|x86.Build.0 = Debug|Any CPU
		{DE278BB3-FE21-4380-AA29-17D4DD1E5093}.Release|Any CPU.ActiveCfg = Release|Any CPU
		{DE278BB3-FE21-4380-AA29-17D4DD1E5093}.Release|Any CPU.Build.0 = Release|Any CPU
		{DE278BB3-FE21-4380-AA29-17D4DD1E5093}.Release|x64.ActiveCfg = Release|Any CPU
		{DE278BB3-FE21-4380-AA29-17D4DD1E5093}.Release|x64.Build.0 = Release|Any CPU
		{DE278BB3-FE21-4380-AA29-17D4DD1E5093}.Release|x86.ActiveCfg = Release|Any CPU
		{DE278BB3-FE21-4380-AA29-17D4DD1E5093}.Release|x86.Build.0 = Release|Any CPU
		{2FBA013A-69B9-47D5-81CF-3EFF32B1C51D}.Debug|Any CPU.ActiveCfg = Debug|Any CPU
		{2FBA013A-69B9-47D5-81CF-3EFF32B1C51D}.Debug|Any CPU.Build.0 = Debug|Any CPU
		{2FBA013A-69B9-47D5-81CF-3EFF32B1C51D}.Debug|x64.ActiveCfg = Debug|Any CPU
		{2FBA013A-69B9-47D5-81CF-3EFF32B1C51D}.Debug|x64.Build.0 = Debug|Any CPU
		{2FBA013A-69B9-47D5-81CF-3EFF32B1C51D}.Debug|x86.ActiveCfg = Debug|Any CPU
		{2FBA013A-69B9-47D5-81CF-3EFF32B1C51D}.Debug|x86.Build.0 = Debug|Any CPU
		{2FBA013A-69B9-47D5-81CF-3EFF32B1C51D}.Release|Any CPU.ActiveCfg = Release|Any CPU
		{2FBA013A-69B9-47D5-81CF-3EFF32B1C51D}.Release|Any CPU.Build.0 = Release|Any CPU
		{2FBA013A-69B9-47D5-81CF-3EFF32B1C51D}.Release|x64.ActiveCfg = Release|Any CPU
		{2FBA013A-69B9-47D5-81CF-3EFF32B1C51D}.Release|x64.Build.0 = Release|Any CPU
		{2FBA013A-69B9-47D5-81CF-3EFF32B1C51D}.Release|x86.ActiveCfg = Release|Any CPU
		{2FBA013A-69B9-47D5-81CF-3EFF32B1C51D}.Release|x86.Build.0 = Release|Any CPU
		{034852C6-CD0C-48DF-8F31-A7569C49F572}.Debug|Any CPU.ActiveCfg = Debug|Any CPU
		{034852C6-CD0C-48DF-8F31-A7569C49F572}.Debug|Any CPU.Build.0 = Debug|Any CPU
		{034852C6-CD0C-48DF-8F31-A7569C49F572}.Debug|x64.ActiveCfg = Debug|Any CPU
		{034852C6-CD0C-48DF-8F31-A7569C49F572}.Debug|x64.Build.0 = Debug|Any CPU
		{034852C6-CD0C-48DF-8F31-A7569C49F572}.Debug|x86.ActiveCfg = Debug|Any CPU
		{034852C6-CD0C-48DF-8F31-A7569C49F572}.Debug|x86.Build.0 = Debug|Any CPU
		{034852C6-CD0C-48DF-8F31-A7569C49F572}.Release|Any CPU.ActiveCfg = Release|Any CPU
		{034852C6-CD0C-48DF-8F31-A7569C49F572}.Release|Any CPU.Build.0 = Release|Any CPU
		{034852C6-CD0C-48DF-8F31-A7569C49F572}.Release|x64.ActiveCfg = Release|Any CPU
		{034852C6-CD0C-48DF-8F31-A7569C49F572}.Release|x64.Build.0 = Release|Any CPU
		{034852C6-CD0C-48DF-8F31-A7569C49F572}.Release|x86.ActiveCfg = Release|Any CPU
		{034852C6-CD0C-48DF-8F31-A7569C49F572}.Release|x86.Build.0 = Release|Any CPU
		{C0432F7D-09A8-4156-9455-00CDAAAFAE70}.Debug|Any CPU.ActiveCfg = Debug|Any CPU
		{C0432F7D-09A8-4156-9455-00CDAAAFAE70}.Debug|Any CPU.Build.0 = Debug|Any CPU
		{C0432F7D-09A8-4156-9455-00CDAAAFAE70}.Debug|x64.ActiveCfg = Debug|Any CPU
		{C0432F7D-09A8-4156-9455-00CDAAAFAE70}.Debug|x64.Build.0 = Debug|Any CPU
		{C0432F7D-09A8-4156-9455-00CDAAAFAE70}.Debug|x86.ActiveCfg = Debug|Any CPU
		{C0432F7D-09A8-4156-9455-00CDAAAFAE70}.Debug|x86.Build.0 = Debug|Any CPU
		{C0432F7D-09A8-4156-9455-00CDAAAFAE70}.Release|Any CPU.ActiveCfg = Release|Any CPU
		{C0432F7D-09A8-4156-9455-00CDAAAFAE70}.Release|Any CPU.Build.0 = Release|Any CPU
		{C0432F7D-09A8-4156-9455-00CDAAAFAE70}.Release|x64.ActiveCfg = Release|Any CPU
		{C0432F7D-09A8-4156-9455-00CDAAAFAE70}.Release|x64.Build.0 = Release|Any CPU
		{C0432F7D-09A8-4156-9455-00CDAAAFAE70}.Release|x86.ActiveCfg = Release|Any CPU
		{C0432F7D-09A8-4156-9455-00CDAAAFAE70}.Release|x86.Build.0 = Release|Any CPU
		{22C9CCEA-1C69-4987-81DA-FF045BE79129}.Debug|Any CPU.ActiveCfg = Debug|Any CPU
		{22C9CCEA-1C69-4987-81DA-FF045BE79129}.Debug|Any CPU.Build.0 = Debug|Any CPU
		{22C9CCEA-1C69-4987-81DA-FF045BE79129}.Debug|x64.ActiveCfg = Debug|Any CPU
		{22C9CCEA-1C69-4987-81DA-FF045BE79129}.Debug|x64.Build.0 = Debug|Any CPU
		{22C9CCEA-1C69-4987-81DA-FF045BE79129}.Debug|x86.ActiveCfg = Debug|Any CPU
		{22C9CCEA-1C69-4987-81DA-FF045BE79129}.Debug|x86.Build.0 = Debug|Any CPU
		{22C9CCEA-1C69-4987-81DA-FF045BE79129}.Release|Any CPU.ActiveCfg = Release|Any CPU
		{22C9CCEA-1C69-4987-81DA-FF045BE79129}.Release|Any CPU.Build.0 = Release|Any CPU
		{22C9CCEA-1C69-4987-81DA-FF045BE79129}.Release|x64.ActiveCfg = Release|Any CPU
		{22C9CCEA-1C69-4987-81DA-FF045BE79129}.Release|x64.Build.0 = Release|Any CPU
		{22C9CCEA-1C69-4987-81DA-FF045BE79129}.Release|x86.ActiveCfg = Release|Any CPU
		{22C9CCEA-1C69-4987-81DA-FF045BE79129}.Release|x86.Build.0 = Release|Any CPU
		{63258CD5-49FA-4F64-9712-267DCCA90DED}.Debug|Any CPU.ActiveCfg = Debug|Any CPU
		{63258CD5-49FA-4F64-9712-267DCCA90DED}.Debug|Any CPU.Build.0 = Debug|Any CPU
		{63258CD5-49FA-4F64-9712-267DCCA90DED}.Debug|x64.ActiveCfg = Debug|Any CPU
		{63258CD5-49FA-4F64-9712-267DCCA90DED}.Debug|x64.Build.0 = Debug|Any CPU
		{63258CD5-49FA-4F64-9712-267DCCA90DED}.Debug|x86.ActiveCfg = Debug|Any CPU
		{63258CD5-49FA-4F64-9712-267DCCA90DED}.Debug|x86.Build.0 = Debug|Any CPU
		{63258CD5-49FA-4F64-9712-267DCCA90DED}.Release|Any CPU.ActiveCfg = Release|Any CPU
		{63258CD5-49FA-4F64-9712-267DCCA90DED}.Release|Any CPU.Build.0 = Release|Any CPU
		{63258CD5-49FA-4F64-9712-267DCCA90DED}.Release|x64.ActiveCfg = Release|Any CPU
		{63258CD5-49FA-4F64-9712-267DCCA90DED}.Release|x64.Build.0 = Release|Any CPU
		{63258CD5-49FA-4F64-9712-267DCCA90DED}.Release|x86.ActiveCfg = Release|Any CPU
		{63258CD5-49FA-4F64-9712-267DCCA90DED}.Release|x86.Build.0 = Release|Any CPU
		{280B0297-CF76-48E2-8B7D-886A48BCFD66}.Debug|Any CPU.ActiveCfg = Debug|Any CPU
		{280B0297-CF76-48E2-8B7D-886A48BCFD66}.Debug|Any CPU.Build.0 = Debug|Any CPU
		{280B0297-CF76-48E2-8B7D-886A48BCFD66}.Debug|x64.ActiveCfg = Debug|Any CPU
		{280B0297-CF76-48E2-8B7D-886A48BCFD66}.Debug|x64.Build.0 = Debug|Any CPU
		{280B0297-CF76-48E2-8B7D-886A48BCFD66}.Debug|x86.ActiveCfg = Debug|Any CPU
		{280B0297-CF76-48E2-8B7D-886A48BCFD66}.Debug|x86.Build.0 = Debug|Any CPU
		{280B0297-CF76-48E2-8B7D-886A48BCFD66}.Release|Any CPU.ActiveCfg = Release|Any CPU
		{280B0297-CF76-48E2-8B7D-886A48BCFD66}.Release|Any CPU.Build.0 = Release|Any CPU
		{280B0297-CF76-48E2-8B7D-886A48BCFD66}.Release|x64.ActiveCfg = Release|Any CPU
		{280B0297-CF76-48E2-8B7D-886A48BCFD66}.Release|x64.Build.0 = Release|Any CPU
		{280B0297-CF76-48E2-8B7D-886A48BCFD66}.Release|x86.ActiveCfg = Release|Any CPU
		{280B0297-CF76-48E2-8B7D-886A48BCFD66}.Release|x86.Build.0 = Release|Any CPU
	EndGlobalSection
	GlobalSection(SolutionProperties) = preSolution
		HideSolutionNode = FALSE
	EndGlobalSection
	GlobalSection(NestedProjects) = preSolution
		{F34E43FA-627A-8966-7BCB-0DBE3D5440B1} = {827E0CD3-B72D-47B6-A68D-7590B98EB39B}
		{77ADA6A2-FE6A-4B8F-89B0-C0B58832A81F} = {F34E43FA-627A-8966-7BCB-0DBE3D5440B1}
		{FCCA6ABA-D5ED-427F-B10F-5B21998BB914} = {F34E43FA-627A-8966-7BCB-0DBE3D5440B1}
		{047C1EB0-93E7-4B17-9BB5-61994A2BA939} = {F34E43FA-627A-8966-7BCB-0DBE3D5440B1}
		{662C6FFB-0F36-4D08-A8CA-89EC185C959B} = {F34E43FA-627A-8966-7BCB-0DBE3D5440B1}
		{D5064FC8-1F49-54B6-E1C8-B23A6140528A} = {827E0CD3-B72D-47B6-A68D-7590B98EB39B}
		{DE278BB3-FE21-4380-AA29-17D4DD1E5093} = {D5064FC8-1F49-54B6-E1C8-B23A6140528A}
		{2FBA013A-69B9-47D5-81CF-3EFF32B1C51D} = {D5064FC8-1F49-54B6-E1C8-B23A6140528A}
		{034852C6-CD0C-48DF-8F31-A7569C49F572} = {D5064FC8-1F49-54B6-E1C8-B23A6140528A}
		{C0432F7D-09A8-4156-9455-00CDAAAFAE70} = {0AB3BF05-4346-4AA6-1389-037BE0695223}
		{22C9CCEA-1C69-4987-81DA-FF045BE79129} = {0AB3BF05-4346-4AA6-1389-037BE0695223}
		{63258CD5-49FA-4F64-9712-267DCCA90DED} = {D5064FC8-1F49-54B6-E1C8-B23A6140528A}
		{02EA681E-C7D8-13C7-8484-4AC65E1B71E8} = {827E0CD3-B72D-47B6-A68D-7590B98EB39B}
		{280B0297-CF76-48E2-8B7D-886A48BCFD66} = {02EA681E-C7D8-13C7-8484-4AC65E1B71E8}
	EndGlobalSection
	GlobalSection(ExtensibilityGlobals) = postSolution
		SolutionGuid = {DC081CAF-B1D9-4F36-ADFB-1811052DDA7D}
	EndGlobalSection
EndGlobal
